# THIS IS AN AUTOGENERATED FILE. DO NOT EDIT THIS FILE DIRECTLY.
# yarn lockfile v1


eslint-config-eslint@^7.0.0:
  version "7.0.0"
  resolved "https://registry.yarnpkg.com/eslint-config-eslint/-/eslint-config-eslint-7.0.0.tgz#8161cd98f584df04a64322440b05875dd9cbbbd8"
  integrity sha512-gxUttladfTQaJKmSh9jbrN4Qba27yYBVwp0YsaOqjEWtOZYtc+MOgoWFh2x4Ewxjqr8sZZS1yTguXgoktzXOvQ==
